
Microsoft Visual Studio Solution File, Format Version 12.00
# Visual Studio Version 16
VisualStudioVersion = 16.0.31729.503
MinimumVisualStudioVersion = 10.0.40219.1
Project("{FAE04EC0-301F-11D3-BF4B-00C04F79EFBC}") = "Rabota_S_BD", "Rabota_S_BD\Rabota_S_BD.csproj", "{7E2F7783-9428-4BAA-A8D0-A8793E64D43C}"
EndProject
Global
	GlobalSection(SolutionConfigurationPlatforms) = preSolution
		Debug|Any CPU = Debug|Any CPU
		Release|Any CPU = Release|Any CPU
	EndGlobalSection
	GlobalSection(ProjectConfigurationPlatforms) = postSolution
		{7E2F7783-9428-4BAA-A8D0-A8793E64D43C}.Debug|Any CPU.ActiveCfg = Debug|Any CPU
		{7E2F7783-9428-4BAA-A8D0-A8793E64D43C}.Debug|Any CPU.Build.0 = Debug|Any CPU
		{7E2F7783-9428-4BAA-A8D0-A8793E64D43C}.Release|Any CPU.ActiveCfg = Release|Any CPU
		{7E2F7783-9428-4BAA-A8D0-A8793E64D43C}.Release|Any CPU.Build.0 = Release|Any CPU
	EndGlobalSection
	GlobalSection(SolutionProperties) = preSolution
		HideSolutionNode = FALSE
	EndGlobalSection
	GlobalSection(ExtensibilityGlobals) = postSolution
		SolutionGuid = {1A1E6D6C-3A9D-4B09-A1AB-6BE58F481FB8}
	EndGlobalSection
EndGlobal
